
Microsoft Visual Studio Solution File, Format Version 12.00
# Visual Studio Version 17
VisualStudioVersion = 17.9.34723.18
MinimumVisualStudioVersion = 10.0.40219.1
Project("{9A19103F-16F7-4668-BE54-9A1E7A4F7556}") = "Framework", "Framework\Framework.csproj", "{FF7C6F7C-D8E0-472F-AF61-3C2E6473DDFA}"
EndProject
Project("{9A19103F-16F7-4668-BE54-9A1E7A4F7556}") = "RPA", "RPA\RPA.csproj", "{98A51FD3-04FF-45E5-B884-3292EC464F50}"
EndProject
Project("{FAE04EC0-301F-11D3-BF4B-00C04F79EFBC}") = "RPA.Views", "RPA.Views\RPA.Views.csproj", "{E32C12D3-8B20-4CB9-9501-9E942048CD57}"
EndProject
Global
	GlobalSection(SolutionConfigurationPlatforms) = preSolution
		Debug|Any CPU = Debug|Any CPU
		Release|Any CPU = Release|Any CPU
	EndGlobalSection
	GlobalSection(ProjectConfigurationPlatforms) = postSolution
		{FF7C6F7C-D8E0-472F-AF61-3C2E6473DDFA}.Debug|Any CPU.ActiveCfg = Debug|Any CPU
		{FF7C6F7C-D8E0-472F-AF61-3C2E6473DDFA}.Debug|Any CPU.Build.0 = Debug|Any CPU
		{FF7C6F7C-D8E0-472F-AF61-3C2E6473DDFA}.Release|Any CPU.ActiveCfg = Release|Any CPU
		{FF7C6F7C-D8E0-472F-AF61-3C2E6473DDFA}.Release|Any CPU.Build.0 = Release|Any CPU
		{98A51FD3-04FF-45E5-B884-3292EC464F50}.Debug|Any CPU.ActiveCfg = Debug|Any CPU
		{98A51FD3-04FF-45E5-B884-3292EC464F50}.Debug|Any CPU.Build.0 = Debug|Any CPU
		{98A51FD3-04FF-45E5-B884-3292EC464F50}.Release|Any CPU.ActiveCfg = Release|Any CPU
		{98A51FD3-04FF-45E5-B884-3292EC464F50}.Release|Any CPU.Build.0 = Release|Any CPU
		{E32C12D3-8B20-4CB9-9501-9E942048CD57}.Debug|Any CPU.ActiveCfg = Debug|Any CPU
		{E32C12D3-8B20-4CB9-9501-9E942048CD57}.Debug|Any CPU.Build.0 = Debug|Any CPU
		{E32C12D3-8B20-4CB9-9501-9E942048CD57}.Release|Any CPU.ActiveCfg = Release|Any CPU
		{E32C12D3-8B20-4CB9-9501-9E942048CD57}.Release|Any CPU.Build.0 = Release|Any CPU
	EndGlobalSection
	GlobalSection(SolutionProperties) = preSolution
		HideSolutionNode = FALSE
	EndGlobalSection
	GlobalSection(ExtensibilityGlobals) = postSolution
		SolutionGuid = {C4D75DE1-E7E5-40D1-8350-AB0DEFC05C84}
	EndGlobalSection
EndGlobal
